lockfileVersion: '9.0'

settings:
  autoInstallPeers: true
  excludeLinksFromLockfile: false

importers:

  .:
    dependencies:
      '@qdrant/js-client-rest':
        specifier: ^1.13.0
        version: 1.18.0(typescript@5.9.3)
      stream-chain:
        specifier: ^2.2.5
        version: 2.2.5
      stream-json:
        specifier: ^1.8.0
        version: 1.9.1
    devDependencies:
      '@types/node':
        specifier: ^22.0.0
        version: 22.19.19
      '@types/stream-chain':
        specifier: ^2.1.0
        version: 2.1.0
      '@types/stream-json':
        specifier: ^1.7.7
        version: 1.7.8
      typescript:
        specifier: ^5.5.0
        version: 5.9.3

packages:

  '@qdrant/js-client-rest@1.18.0':
    resolution: {integrity: sha512-/0dqX5uV9chC1DnYSnU4gNMrDqse/pt6hHg3Rqqpl5isH7xl1xSNvffjzBoxycDD79luWn7Ho6Rh/61sOs5DNw==}
    engines: {node: '>=18.17.0', pnpm: '>=8'}
    peerDependencies:
      typescript: '>=4.7'

  '@qdrant/openapi-typescript-fetch@1.2.6':
    resolution: {integrity: sha512-oQG/FejNpItrxRHoyctYvT3rwGZOnK4jr3JdppO/c78ktDvkWiPXPHNsrDf33K9sZdRb6PR7gi4noIapu5q4HA==}
    engines: {node: '>=18.0.0', pnpm: '>=8'}

  '@types/node@22.19.19':
    resolution: {integrity: sha512-dyh/xO2Fh5bYrfWaaqGrRQQGkNdmYw6AmaAUvYeUMNTWQtvb796ikLdmTchRmOlOiIJ1TDXfWgVx1QkUlQ6Hew==}

  '@types/stream-chain@2.1.0':
    resolution: {integrity: sha512-guDyAl6s/CAzXUOWpGK2bHvdiopLIwpGu8v10+lb9hnQOyo4oj/ZUQFOvqFjKGsE3wJP1fpIesCcMvbXuWsqOg==}

  '@types/stream-json@1.7.8':
    resolution: {integrity: sha512-MU1OB1eFLcYWd1LjwKXrxdoPtXSRzRmAnnxs4Js/ayB5O/NvHraWwuOaqMWIebpYwM6khFlsJOHEhI9xK/ab4Q==}

  stream-chain@2.2.5:
    resolution: {integrity: sha512-1TJmBx6aSWqZ4tx7aTpBDXK0/e2hhcNSTV8+CbFJtDjbb+I1mZ8lHit0Grw9GRT+6JbIrrDd8esncgBi8aBXGA==}

  stream-json@1.9.1:
    resolution: {integrity: sha512-uWkjJ+2Nt/LO9Z/JyKZbMusL8Dkh97uUBTv3AJQ74y07lVahLY4eEFsPsE97pxYBwr8nnjMAIch5eqI0gPShyw==}

  typescript@5.9.3:
    resolution: {integrity: sha512-jl1vZzPDinLr9eUt3J/t7V6FgNEw9QjvBPdysz9KfQDD41fQrC2Y4vKQdiaUpFT4bXlb1RHhLpp8wtm6M5TgSw==}
    engines: {node: '>=14.17'}
    hasBin: true

  undici-types@6.21.0:
    resolution: {integrity: sha512-iwDZqg0QAGrg9Rav5H4n0M64c3mkR59cJ6wQp+7C4nI0gsmExaedaYLNO44eT4AtBBwjbTiGPMlt2Md0T9H9JQ==}

  undici@6.25.0:
    resolution: {integrity: sha512-ZgpWDC5gmNiuY9CnLVXEH8rl50xhRCuLNA97fAUnKi8RRuV4E6KG31pDTsLVUKnohJE0I3XDrTeEydAXRw47xg==}
    engines: {node: '>=18.17'}

snapshots:

  '@qdrant/js-client-rest@1.18.0(typescript@5.9.3)':
    dependencies:
      '@qdrant/openapi-typescript-fetch': 1.2.6
      typescript: 5.9.3
      undici: 6.25.0

  '@qdrant/openapi-typescript-fetch@1.2.6': {}

  '@types/node@22.19.19':
    dependencies:
      undici-types: 6.21.0

  '@types/stream-chain@2.1.0':
    dependencies:
      '@types/node': 22.19.19

  '@types/stream-json@1.7.8':
    dependencies:
      '@types/node': 22.19.19
      '@types/stream-chain': 2.1.0

  stream-chain@2.2.5: {}

  stream-json@1.9.1:
    dependencies:
      stream-chain: 2.2.5

  typescript@5.9.3: {}

  undici-types@6.21.0: {}

  undici@6.25.0: {}
